
Microsoft Visual Studio Solution File, Format Version 12.00
# Visual Studio Version 17
VisualStudioVersion = 17.8.34330.188
MinimumVisualStudioVersion = 10.0.40219.1
Project("{FAE04EC0-301F-11D3-BF4B-00C04F79EFBC}") = "Pegatron", "Pegatron\Pegatron.csproj", "{034BAB2A-4EB2-4C75-9619-0CD35ECFF6EA}"
EndProject
Project("{FAE04EC0-301F-11D3-BF4B-00C04F79EFBC}") = "InstrumentCore", "InstrumentCore\InstrumentCore.csproj", "{B6AD0F3D-C079-424E-B98C-C01FC5E069C6}"
EndProject
Project("{FAE04EC0-301F-11D3-BF4B-00C04F79EFBC}") = "InstrumentHealthCheck", "InstrumentHealthCheck\InstrumentHealthCheck.csproj", "{4C789729-A022-4BB2-B0B5-697ED0FDDB84}"
EndProject
Global
	GlobalSection(SolutionConfigurationPlatforms) = preSolution
		Debug|Any CPU = Debug|Any CPU
		Release|Any CPU = Release|Any CPU
	EndGlobalSection
	GlobalSection(ProjectConfigurationPlatforms) = postSolution
		{034BAB2A-4EB2-4C75-9619-0CD35ECFF6EA}.Debug|Any CPU.ActiveCfg = Debug|Any CPU
		{034BAB2A-4EB2-4C75-9619-0CD35ECFF6EA}.Debug|Any CPU.Build.0 = Debug|Any CPU
		{034BAB2A-4EB2-4C75-9619-0CD35ECFF6EA}.Release|Any CPU.ActiveCfg = Release|Any CPU
		{034BAB2A-4EB2-4C75-9619-0CD35ECFF6EA}.Release|Any CPU.Build.0 = Release|Any CPU
		{B6AD0F3D-C079-424E-B98C-C01FC5E069C6}.Debug|Any CPU.ActiveCfg = Debug|Any CPU
		{B6AD0F3D-C079-424E-B98C-C01FC5E069C6}.Debug|Any CPU.Build.0 = Debug|Any CPU
		{B6AD0F3D-C079-424E-B98C-C01FC5E069C6}.Release|Any CPU.ActiveCfg = Release|Any CPU
		{B6AD0F3D-C079-424E-B98C-C01FC5E069C6}.Release|Any CPU.Build.0 = Release|Any CPU
		{4C789729-A022-4BB2-B0B5-697ED0FDDB84}.Debug|Any CPU.ActiveCfg = Debug|Any CPU
		{4C789729-A022-4BB2-B0B5-697ED0FDDB84}.Debug|Any CPU.Build.0 = Debug|Any CPU
		{4C789729-A022-4BB2-B0B5-697ED0FDDB84}.Release|Any CPU.ActiveCfg = Release|Any CPU
		{4C789729-A022-4BB2-B0B5-697ED0FDDB84}.Release|Any CPU.Build.0 = Release|Any CPU
	EndGlobalSection
	GlobalSection(SolutionProperties) = preSolution
		HideSolutionNode = FALSE
	EndGlobalSection
	GlobalSection(ExtensibilityGlobals) = postSolution
		SolutionGuid = {9FDF8B33-CBFB-44A2-AB90-17ACDC1E34C8}
	EndGlobalSection
EndGlobal
